# Prisma Migrate lockfile v1

20200821102405-guild-initial
20200829225420-pets
20200830000310-pet-name
20200830173905-user_id-guild_id
20210106225701-guild-to-settings
20210106230718-add-settings-language
20210116151122-dates-and-settings
20210116152822-make-moderator-role-optional
20210119162849-remove-guildid-from-pets
20210119164047-add-settings-pets-moderator-role